
Microsoft Visual Studio Solution File, Format Version 12.00
# Visual Studio Version 17
VisualStudioVersion = 17.5.002.0
MinimumVisualStudioVersion = 10.0.40219.1
Project("{9A19103F-16F7-4668-BE54-9A1E7A4F7556}") = "DULlama", "DULlama.csproj", "{8EAFDA1E-0455-4EC6-905E-878E5039020B}"
EndProject
Global
	GlobalSection(SolutionConfigurationPlatforms) = preSolution
		Debug|Any CPU = Debug|Any CPU
		Release|Any CPU = Release|Any CPU
	EndGlobalSection
	GlobalSection(ProjectConfigurationPlatforms) = postSolution
		{8EAFDA1E-0455-4EC6-905E-878E5039020B}.Debug|Any CPU.ActiveCfg = Debug|Any CPU
		{8EAFDA1E-0455-4EC6-905E-878E5039020B}.Debug|Any CPU.Build.0 = Debug|Any CPU
		{8EAFDA1E-0455-4EC6-905E-878E5039020B}.Release|Any CPU.ActiveCfg = Release|Any CPU
		{8EAFDA1E-0455-4EC6-905E-878E5039020B}.Release|Any CPU.Build.0 = Release|Any CPU
	EndGlobalSection
	GlobalSection(SolutionProperties) = preSolution
		HideSolutionNode = FALSE
	EndGlobalSection
	GlobalSection(ExtensibilityGlobals) = postSolution
		SolutionGuid = {00AD6A7B-D0B8-46A6-9E7A-057E6E063624}
	EndGlobalSection
EndGlobal
